# The release pipeline accepts only this immutable RTCD source revision.
# Update it through the RTCD public-patched/release/tag process.
RTCD_SOURCE_REPOSITORY=https://github.com/pilprod/yourown-chat-rtcd.git
RTCD_SOURCE_COMMIT=825b657c711ecdc3af828b5c3b0bdb9b07789714
RTCD_BUILD_VERSION=v1.2.6-yourown.2
